<?xml version="1.0" encoding="utf-8"?>
<Project ToolsVersion="4.0" xmlns="http://schemas.microsoft.com/developer/msbuild/2003">
  <ItemGroup>
    <Filter Include="src">
      <UniqueIdentifier>{4FC737F1-C7A5-4376-A066-2A32D752A2FF}</UniqueIdentifier>
      <Extensions>cpp;c;cc;cxx;def;odl;idl;hpj;bat;asm;asmx</Extensions>
    </Filter>
  </ItemGroup>
  <ItemGroup>
    <ClCompile Include="uvNetTest.cpp">
      <Filter>src</Filter>
    </ClCompile>
    <ClCompile Include="..\..\uvmoudles\uvhttp\dns.c">
      <Filter>src</Filter>
    </ClCompile>
    <ClCompile Include="..\..\uvmoudles\uvhttp\net.c">
      <Filter>src</Filter>
    </ClCompile>
    <ClCompile Include="..\..\uvmoudles\uvhttp\uvhttp.c">
      <Filter>src</Filter>
    </ClCompile>
  </ItemGroup>
  <ItemGroup>
    <ClInclude Include="..\..\uvmoudles\uvhttp\dns.h">
      <Filter>src</Filter>
    </ClInclude>
    <ClInclude Include="..\..\uvmoudles\uvhttp\net.h">
      <Filter>src</Filter>
    </ClInclude>
    <ClInclude Include="..\..\uvmoudles\uvhttp\uvhttp.h">
      <Filter>src</Filter>
    </ClInclude>
  </ItemGroup>
</Project>